// !$*UTF8*$!
{
	archiveVersion = 1;
	classes = {
	};
	objectVersion = 48;
	objects = {

/* Begin PBXBuildFile section */
		A205CCEA1F996B7A003835F0 /* CarsList.swift in Sources */ = {isa = PBXBuildFile; fileRef = A205CCE91F996B7A003835F0 /* CarsList.swift */; };
		A20666E41F9B4BF40014A4B5 /* CarSchedulePickupViewController.swift in Sources */ = {isa = PBXBuildFile; fileRef = A20666E31F9B4BF40014A4B5 /* CarSchedulePickupViewController.swift */; };
		A20666E61F9B5AC30014A4B5 /* clock.png in Resources */ = {isa = PBXBuildFile; fileRef = A20666E51F9B5AC30014A4B5 /* clock.png */; };
		A20666EB1F9C19A60014A4B5 /* UIImage+Extensions.swift in Sources */ = {isa = PBXBuildFile; fileRef = A20666EA1F9C19A60014A4B5 /* UIImage+Extensions.swift */; };
		A20666ED1F9C19B20014A4B5 /* UIView+Extensions.swift in Sources */ = {isa = PBXBuildFile; fileRef = A20666EC1F9C19B20014A4B5 /* UIView+Extensions.swift */; };
		A20666F11F9C2E2A0014A4B5 /* CarSchedulePickupPresenter.swift in Sources */ = {isa = PBXBuildFile; fileRef = A20666F01F9C2E2A0014A4B5 /* CarSchedulePickupPresenter.swift */; };
		A20666F31F9C404D0014A4B5 /* CarScheduleViewCell.swift in Sources */ = {isa = PBXBuildFile; fileRef = A20666F21F9C404D0014A4B5 /* CarScheduleViewCell.swift */; };
		A20667141F9C537C0014A4B5 /* back.png in Resources */ = {isa = PBXBuildFile; fileRef = A20667121F9C537C0014A4B5 /* back.png */; };
		A20667151F9C537C0014A4B5 /* m-tribes.png in Resources */ = {isa = PBXBuildFile; fileRef = A20667131F9C537C0014A4B5 /* m-tribes.png */; };
		A223341E1F9AD5D4005518F4 /* Localizable.strings in Resources */ = {isa = PBXBuildFile; fileRef = A223341D1F9AD5D4005518F4 /* Localizable.strings */; };
		A22334201F9AE170005518F4 /* CarsWebServiceProtocol.swift in Sources */ = {isa = PBXBuildFile; fileRef = A223341F1F9AE170005518F4 /* CarsWebServiceProtocol.swift */; };
		A22334221F9AE1B5005518F4 /* CarsPersistentStoreProtocol.swift in Sources */ = {isa = PBXBuildFile; fileRef = A22334211F9AE1B5005518F4 /* CarsPersistentStoreProtocol.swift */; };
		A22334251F9AF77D005518F4 /* car.png in Resources */ = {isa = PBXBuildFile; fileRef = A22334241F9AF77D005518F4 /* car.png */; };
		A22334291F9B086D005518F4 /* car1.jpeg in Resources */ = {isa = PBXBuildFile; fileRef = A22334281F9B086D005518F4 /* car1.jpeg */; };
		A24F06131F99415A000DA04E /* CarsWebServiceTests.swift in Sources */ = {isa = PBXBuildFile; fileRef = A24F06121F99415A000DA04E /* CarsWebServiceTests.swift */; };
		A24F06231F9943A6000DA04E /* CarViewModel.swift in Sources */ = {isa = PBXBuildFile; fileRef = A24F06221F9943A6000DA04E /* CarViewModel.swift */; };
		A24F06251F994477000DA04E /* CarsDataManager.swift in Sources */ = {isa = PBXBuildFile; fileRef = A24F06241F994477000DA04E /* CarsDataManager.swift */; };
		A24F062B1F9946E4000DA04E /* CarsWebService.swift in Sources */ = {isa = PBXBuildFile; fileRef = A24F062A1F9946E4000DA04E /* CarsWebService.swift */; };
		A24F062D1F994719000DA04E /* CarsRealmPersistentStore.swift in Sources */ = {isa = PBXBuildFile; fileRef = A24F062C1F994719000DA04E /* CarsRealmPersistentStore.swift */; };
		A24F062F1F994BC5000DA04E /* CarsMapViewController.swift in Sources */ = {isa = PBXBuildFile; fileRef = A24F062E1F994BC5000DA04E /* CarsMapViewController.swift */; };
		A24F06311F994BD4000DA04E /* CarsMapViewPresenter.swift in Sources */ = {isa = PBXBuildFile; fileRef = A24F06301F994BD4000DA04E /* CarsMapViewPresenter.swift */; };
		A24F06331F994BE6000DA04E /* CarsListViewController.swift in Sources */ = {isa = PBXBuildFile; fileRef = A24F06321F994BE6000DA04E /* CarsListViewController.swift */; };
		A24F06351F994BF7000DA04E /* CarsListViewPresenter.swift in Sources */ = {isa = PBXBuildFile; fileRef = A24F06341F994BF7000DA04E /* CarsListViewPresenter.swift */; };
		A24F06371F994C1C000DA04E /* CarsMapViewProtocols.swift in Sources */ = {isa = PBXBuildFile; fileRef = A24F06361F994C1C000DA04E /* CarsMapViewProtocols.swift */; };
		A24F06391F994C29000DA04E /* CarsListViewProtocols.swift in Sources */ = {isa = PBXBuildFile; fileRef = A24F06381F994C29000DA04E /* CarsListViewProtocols.swift */; };
		A24F06611F995744000DA04E /* CarListViewCell.swift in Sources */ = {isa = PBXBuildFile; fileRef = A24F06601F995744000DA04E /* CarListViewCell.swift */; };
		A2896F131F99932900719B07 /* RealmCar.swift in Sources */ = {isa = PBXBuildFile; fileRef = A2896F121F99932900719B07 /* RealmCar.swift */; };
		A296B3691F98A72A009968D9 /* AppDelegate.swift in Sources */ = {isa = PBXBuildFile; fileRef = A296B3681F98A72A009968D9 /* AppDelegate.swift */; };
		A296B36B1F98A72A009968D9 /* CarsMainViewController.swift in Sources */ = {isa = PBXBuildFile; fileRef = A296B36A1F98A72A009968D9 /* CarsMainViewController.swift */; };
		A296B36E1F98A72A009968D9 /* Main.storyboard in Resources */ = {isa = PBXBuildFile; fileRef = A296B36C1F98A72A009968D9 /* Main.storyboard */; };
		A296B3701F98A72A009968D9 /* Assets.xcassets in Resources */ = {isa = PBXBuildFile; fileRef = A296B36F1F98A72A009968D9 /* Assets.xcassets */; };
		A296B3731F98A72A009968D9 /* LaunchScreen.storyboard in Resources */ = {isa = PBXBuildFile; fileRef = A296B3711F98A72A009968D9 /* LaunchScreen.storyboard */; };
		A296B37C1F98AB02009968D9 /* Car.swift in Sources */ = {isa = PBXBuildFile; fileRef = A296B37B1F98AB02009968D9 /* Car.swift */; };
		A2B5764A1F99C780006534FC /* CarsDataManagerTests.swift in Sources */ = {isa = PBXBuildFile; fileRef = A2B576491F99C780006534FC /* CarsDataManagerTests.swift */; };
		A2B576521F99D78C006534FC /* CarsPersistentStoreTests.swift in Sources */ = {isa = PBXBuildFile; fileRef = A2B576511F99D78C006534FC /* CarsPersistentStoreTests.swift */; };
		A2B576561F99E619006534FC /* CarAnnotation.swift in Sources */ = {isa = PBXBuildFile; fileRef = A2B576551F99E619006534FC /* CarAnnotation.swift */; };
		A2B576581F99E67D006534FC /* CarAnnotationView.swift in Sources */ = {isa = PBXBuildFile; fileRef = A2B576571F99E67D006534FC /* CarAnnotationView.swift */; };
		E3C14070453F1171A332C25C /* Pods_MTribes.framework in Frameworks */ = {isa = PBXBuildFile; fileRef = 409FAF47C51D2D4DDD177204 /* Pods_MTribes.framework */; };
/* End PBXBuildFile section */

/* Begin PBXContainerItemProxy section */
		A24F06151F99415A000DA04E /* PBXContainerItemProxy */ = {
			isa = PBXContainerItemProxy;
			containerPortal = A296B35D1F98A72A009968D9 /* Project object */;
			proxyType = 1;
			remoteGlobalIDString = A296B3641F98A72A009968D9;
			remoteInfo = MTribes;
		};
/* End PBXContainerItemProxy section */

/* Begin PBXFileReference section */
		409FAF47C51D2D4DDD177204 /* Pods_MTribes.framework */ = {isa = PBXFileReference; explicitFileType = wrapper.framework; includeInIndex = 0; path = Pods_MTribes.framework; sourceTree = BUILT_PRODUCTS_DIR; };
		95E6236EA4D2364CC37123BE /* Pods-MTribes.release.xcconfig */ = {isa = PBXFileReference; includeInIndex = 1; lastKnownFileType = text.xcconfig; name = "Pods-MTribes.release.xcconfig"; path = "Pods/Target Support Files/Pods-MTribes/Pods-MTribes.release.xcconfig"; sourceTree = "<group>"; };
		A205CCE91F996B7A003835F0 /* CarsList.swift */ = {isa = PBXFileReference; lastKnownFileType = sourcecode.swift; path = CarsList.swift; sourceTree = "<group>"; };
		A20666E31F9B4BF40014A4B5 /* CarSchedulePickupViewController.swift */ = {isa = PBXFileReference; lastKnownFileType = sourcecode.swift; path = CarSchedulePickupViewController.swift; sourceTree = "<group>"; };
		A20666E51F9B5AC30014A4B5 /* clock.png */ = {isa = PBXFileReference; lastKnownFileType = image.png; path = clock.png; sourceTree = "<group>"; };
		A20666EA1F9C19A60014A4B5 /* UIImage+Extensions.swift */ = {isa = PBXFileReference; lastKnownFileType = sourcecode.swift; path = "UIImage+Extensions.swift"; sourceTree = "<group>"; };
		A20666EC1F9C19B20014A4B5 /* UIView+Extensions.swift */ = {isa = PBXFileReference; lastKnownFileType = sourcecode.swift; path = "UIView+Extensions.swift"; sourceTree = "<group>"; };
		A20666F01F9C2E2A0014A4B5 /* CarSchedulePickupPresenter.swift */ = {isa = PBXFileReference; lastKnownFileType = sourcecode.swift; path = CarSchedulePickupPresenter.swift; sourceTree = "<group>"; };
		A20666F21F9C404D0014A4B5 /* CarScheduleViewCell.swift */ = {isa = PBXFileReference; lastKnownFileType = sourcecode.swift; path = CarScheduleViewCell.swift; sourceTree = "<group>"; };
		A20667121F9C537C0014A4B5 /* back.png */ = {isa = PBXFileReference; lastKnownFileType = image.png; path = back.png; sourceTree = "<group>"; };
		A20667131F9C537C0014A4B5 /* m-tribes.png */ = {isa = PBXFileReference; lastKnownFileType = image.png; path = "m-tribes.png"; sourceTree = "<group>"; };
		A223341D1F9AD5D4005518F4 /* Localizable.strings */ = {isa = PBXFileReference; lastKnownFileType = text.plist.strings; path = Localizable.strings; sourceTree = "<group>"; };
		A223341F1F9AE170005518F4 /* CarsWebServiceProtocol.swift */ = {isa = PBXFileReference; lastKnownFileType = sourcecode.swift; path = CarsWebServiceProtocol.swift; sourceTree = "<group>"; };
		A22334211F9AE1B5005518F4 /* CarsPersistentStoreProtocol.swift */ = {isa = PBXFileReference; lastKnownFileType = sourcecode.swift; path = CarsPersistentStoreProtocol.swift; sourceTree = "<group>"; };
		A22334231F9AEA0D005518F4 /* userlocation.gpx */ = {isa = PBXFileReference; lastKnownFileType = text.xml; path = userlocation.gpx; sourceTree = "<group>"; };
		A22334241F9AF77D005518F4 /* car.png */ = {isa = PBXFileReference; lastKnownFileType = image.png; path = car.png; sourceTree = "<group>"; };
		A22334281F9B086D005518F4 /* car1.jpeg */ = {isa = PBXFileReference; lastKnownFileType = image.jpeg; path = car1.jpeg; sourceTree = "<group>"; };
		A24F06101F99415A000DA04E /* MTribesTests.xctest */ = {isa = PBXFileReference; explicitFileType = wrapper.cfbundle; includeInIndex = 0; path = MTribesTests.xctest; sourceTree = BUILT_PRODUCTS_DIR; };
		A24F06121F99415A000DA04E /* CarsWebServiceTests.swift */ = {isa = PBXFileReference; lastKnownFileType = sourcecode.swift; path = CarsWebServiceTests.swift; sourceTree = "<group>"; };
		A24F06141F99415A000DA04E /* Info.plist */ = {isa = PBXFileReference; lastKnownFileType = text.plist.xml; path = Info.plist; sourceTree = "<group>"; };
		A24F06221F9943A6000DA04E /* CarViewModel.swift */ = {isa = PBXFileReference; lastKnownFileType = sourcecode.swift; path = CarViewModel.swift; sourceTree = "<group>"; };
		A24F06241F994477000DA04E /* CarsDataManager.swift */ = {isa = PBXFileReference; lastKnownFileType = sourcecode.swift; path = CarsDataManager.swift; sourceTree = "<group>"; };
		A24F062A1F9946E4000DA04E /* CarsWebService.swift */ = {isa = PBXFileReference; lastKnownFileType = sourcecode.swift; path = CarsWebService.swift; sourceTree = "<group>"; };
		A24F062C1F994719000DA04E /* CarsRealmPersistentStore.swift */ = {isa = PBXFileReference; lastKnownFileType = sourcecode.swift; path = CarsRealmPersistentStore.swift; sourceTree = "<group>"; };
		A24F062E1F994BC5000DA04E /* CarsMapViewController.swift */ = {isa = PBXFileReference; lastKnownFileType = sourcecode.swift; path = CarsMapViewController.swift; sourceTree = "<group>"; };
		A24F06301F994BD4000DA04E /* CarsMapViewPresenter.swift */ = {isa = PBXFileReference; lastKnownFileType = sourcecode.swift; path = CarsMapViewPresenter.swift; sourceTree = "<group>"; };
		A24F06321F994BE6000DA04E /* CarsListViewController.swift */ = {isa = PBXFileReference; lastKnownFileType = sourcecode.swift; path = CarsListViewController.swift; sourceTree = "<group>"; };
		A24F06341F994BF7000DA04E /* CarsListViewPresenter.swift */ = {isa = PBXFileReference; lastKnownFileType = sourcecode.swift; path = CarsListViewPresenter.swift; sourceTree = "<group>"; };
		A24F06361F994C1C000DA04E /* CarsMapViewProtocols.swift */ = {isa = PBXFileReference; lastKnownFileType = sourcecode.swift; path = CarsMapViewProtocols.swift; sourceTree = "<group>"; };
		A24F06381F994C29000DA04E /* CarsListViewProtocols.swift */ = {isa = PBXFileReference; lastKnownFileType = sourcecode.swift; path = CarsListViewProtocols.swift; sourceTree = "<group>"; };
		A24F06601F995744000DA04E /* CarListViewCell.swift */ = {isa = PBXFileReference; lastKnownFileType = sourcecode.swift; path = CarListViewCell.swift; sourceTree = "<group>"; };
		A2896F121F99932900719B07 /* RealmCar.swift */ = {isa = PBXFileReference; lastKnownFileType = sourcecode.swift; path = RealmCar.swift; sourceTree = "<group>"; };
		A296B3651F98A72A009968D9 /* MTribes.app */ = {isa = PBXFileReference; explicitFileType = wrapper.application; includeInIndex = 0; path = MTribes.app; sourceTree = BUILT_PRODUCTS_DIR; };
		A296B3681F98A72A009968D9 /* AppDelegate.swift */ = {isa = PBXFileReference; lastKnownFileType = sourcecode.swift; path = AppDelegate.swift; sourceTree = "<group>"; };
		A296B36A1F98A72A009968D9 /* CarsMainViewController.swift */ = {isa = PBXFileReference; lastKnownFileType = sourcecode.swift; path = CarsMainViewController.swift; sourceTree = "<group>"; };
		A296B36D1F98A72A009968D9 /* Base */ = {isa = PBXFileReference; lastKnownFileType = file.storyboard; name = Base; path = Base.lproj/Main.storyboard; sourceTree = "<group>"; };
		A296B36F1F98A72A009968D9 /* Assets.xcassets */ = {isa = PBXFileReference; lastKnownFileType = folder.assetcatalog; path = Assets.xcassets; sourceTree = "<group>"; };
		A296B3721F98A72A009968D9 /* Base */ = {isa = PBXFileReference; lastKnownFileType = file.storyboard; name = Base; path = Base.lproj/LaunchScreen.storyboard; sourceTree = "<group>"; };
		A296B3741F98A72A009968D9 /* Info.plist */ = {isa = PBXFileReference; lastKnownFileType = text.plist.xml; path = Info.plist; sourceTree = "<group>"; };
		A296B37B1F98AB02009968D9 /* Car.swift */ = {isa = PBXFileReference; lastKnownFileType = sourcecode.swift; path = Car.swift; sourceTree = "<group>"; };
		A2B576491F99C780006534FC /* CarsDataManagerTests.swift */ = {isa = PBXFileReference; lastKnownFileType = sourcecode.swift; path = CarsDataManagerTests.swift; sourceTree = "<group>"; };
		A2B576511F99D78C006534FC /* CarsPersistentStoreTests.swift */ = {isa = PBXFileReference; lastKnownFileType = sourcecode.swift; path = CarsPersistentStoreTests.swift; sourceTree = "<group>"; };
		A2B576551F99E619006534FC /* CarAnnotation.swift */ = {isa = PBXFileReference; lastKnownFileType = sourcecode.swift; path = CarAnnotation.swift; sourceTree = "<group>"; };
		A2B576571F99E67D006534FC /* CarAnnotationView.swift */ = {isa = PBXFileReference; lastKnownFileType = sourcecode.swift; path = CarAnnotationView.swift; sourceTree = "<group>"; };
		A5C44BEC7E568E00BAE49511 /* Pods-MTribes.debug.xcconfig */ = {isa = PBXFileReference; includeInIndex = 1; lastKnownFileType = text.xcconfig; name = "Pods-MTribes.debug.xcconfig"; path = "Pods/Target Support Files/Pods-MTribes/Pods-MTribes.debug.xcconfig"; sourceTree = "<group>"; };
/* End PBXFileReference section */

/* Begin PBXFrameworksBuildPhase section */
		A24F060D1F99415A000DA04E /* Frameworks */ = {
			isa = PBXFrameworksBuildPhase;
			buildActionMask = 2147483647;
			files = (
			);
			runOnlyForDeploymentPostprocessing = 0;
		};
		A296B3621F98A72A009968D9 /* Frameworks */ = {
			isa = PBXFrameworksBuildPhase;
			buildActionMask = 2147483647;
			files = (
				E3C14070453F1171A332C25C /* Pods_MTribes.framework in Frameworks */,
			);
			runOnlyForDeploymentPostprocessing = 0;
		};
/* End PBXFrameworksBuildPhase section */

/* Begin PBXGroup section */
		3437553C7A34160BFB2B1B99 /* Pods */ = {
			isa = PBXGroup;
			children = (
				A5C44BEC7E568E00BAE49511 /* Pods-MTribes.debug.xcconfig */,
				95E6236EA4D2364CC37123BE /* Pods-MTribes.release.xcconfig */,
			);
			name = Pods;
			sourceTree = "<group>";
		};
		84F5C75D29754D27CD552626 /* Frameworks */ = {
			isa = PBXGroup;
			children = (
				409FAF47C51D2D4DDD177204 /* Pods_MTribes.framework */,
			);
			name = Frameworks;
			sourceTree = "<group>";
		};
		A20666E91F9C19940014A4B5 /* Extensions */ = {
			isa = PBXGroup;
			children = (
				A20666EA1F9C19A60014A4B5 /* UIImage+Extensions.swift */,
				A20666EC1F9C19B20014A4B5 /* UIView+Extensions.swift */,
			);
			path = Extensions;
			sourceTree = "<group>";
		};
		A223342A1F9B29FB005518F4 /* Resources */ = {
			isa = PBXGroup;
			children = (
				A20667121F9C537C0014A4B5 /* back.png */,
				A20667131F9C537C0014A4B5 /* m-tribes.png */,
				A20666E51F9B5AC30014A4B5 /* clock.png */,
				A22334241F9AF77D005518F4 /* car.png */,
				A22334281F9B086D005518F4 /* car1.jpeg */,
			);
			path = Resources;
			sourceTree = "<group>";
		};
		A24F06081F99411A000DA04E /* MapView */ = {
			isa = PBXGroup;
			children = (
				A24F063C1F994C5A000DA04E /* Protocols */,
				A24F062E1F994BC5000DA04E /* CarsMapViewController.swift */,
				A24F06301F994BD4000DA04E /* CarsMapViewPresenter.swift */,
				A2B576551F99E619006534FC /* CarAnnotation.swift */,
				A2B576571F99E67D006534FC /* CarAnnotationView.swift */,
				A20666E31F9B4BF40014A4B5 /* CarSchedulePickupViewController.swift */,
				A20666F01F9C2E2A0014A4B5 /* CarSchedulePickupPresenter.swift */,
			);
			path = MapView;
			sourceTree = "<group>";
		};
		A24F06091F994120000DA04E /* ListView */ = {
			isa = PBXGroup;
			children = (
				A24F063D1F994C61000DA04E /* Protocols */,
				A24F06321F994BE6000DA04E /* CarsListViewController.swift */,
				A24F06341F994BF7000DA04E /* CarsListViewPresenter.swift */,
				A24F06601F995744000DA04E /* CarListViewCell.swift */,
				A20666F21F9C404D0014A4B5 /* CarScheduleViewCell.swift */,
				A24F06221F9943A6000DA04E /* CarViewModel.swift */,
			);
			path = ListView;
			sourceTree = "<group>";
		};
		A24F060A1F994133000DA04E /* DataSource */ = {
			isa = PBXGroup;
			children = (
				A24F06241F994477000DA04E /* CarsDataManager.swift */,
				A24F061F1F99431E000DA04E /* Local */,
				A24F061E1F994316000DA04E /* Remote */,
			);
			path = DataSource;
			sourceTree = "<group>";
		};
		A24F06111F99415A000DA04E /* MTribesTests */ = {
			isa = PBXGroup;
			children = (
				A24F06121F99415A000DA04E /* CarsWebServiceTests.swift */,
				A2B576491F99C780006534FC /* CarsDataManagerTests.swift */,
				A2B576511F99D78C006534FC /* CarsPersistentStoreTests.swift */,
				A24F06141F99415A000DA04E /* Info.plist */,
			);
			path = MTribesTests;
			sourceTree = "<group>";
		};
		A24F061E1F994316000DA04E /* Remote */ = {
			isa = PBXGroup;
			children = (
				A223341F1F9AE170005518F4 /* CarsWebServiceProtocol.swift */,
				A24F062A1F9946E4000DA04E /* CarsWebService.swift */,
			);
			path = Remote;
			sourceTree = "<group>";
		};
		A24F061F1F99431E000DA04E /* Local */ = {
			isa = PBXGroup;
			children = (
				A2896F111F9991C800719B07 /* RealmModel */,
				A22334211F9AE1B5005518F4 /* CarsPersistentStoreProtocol.swift */,
				A24F062C1F994719000DA04E /* CarsRealmPersistentStore.swift */,
			);
			path = Local;
			sourceTree = "<group>";
		};
		A24F06211F994388000DA04E /* View */ = {
			isa = PBXGroup;
			children = (
				A296B36C1F98A72A009968D9 /* Main.storyboard */,
				A296B36A1F98A72A009968D9 /* CarsMainViewController.swift */,
				A24F06081F99411A000DA04E /* MapView */,
				A24F06091F994120000DA04E /* ListView */,
				A20666E91F9C19940014A4B5 /* Extensions */,
			);
			path = View;
			sourceTree = "<group>";
		};
		A24F063C1F994C5A000DA04E /* Protocols */ = {
			isa = PBXGroup;
			children = (
				A24F06361F994C1C000DA04E /* CarsMapViewProtocols.swift */,
			);
			path = Protocols;
			sourceTree = "<group>";
		};
		A24F063D1F994C61000DA04E /* Protocols */ = {
			isa = PBXGroup;
			children = (
				A24F06381F994C29000DA04E /* CarsListViewProtocols.swift */,
			);
			path = Protocols;
			sourceTree = "<group>";
		};
		A2896F111F9991C800719B07 /* RealmModel */ = {
			isa = PBXGroup;
			children = (
				A2896F121F99932900719B07 /* RealmCar.swift */,
			);
			path = RealmModel;
			sourceTree = "<group>";
		};
		A296B35C1F98A72A009968D9 = {
			isa = PBXGroup;
			children = (
				A296B3671F98A72A009968D9 /* MTribes */,
				A24F06111F99415A000DA04E /* MTribesTests */,
				A296B3661F98A72A009968D9 /* Products */,
				3437553C7A34160BFB2B1B99 /* Pods */,
				84F5C75D29754D27CD552626 /* Frameworks */,
			);
			sourceTree = "<group>";
		};
		A296B3661F98A72A009968D9 /* Products */ = {
			isa = PBXGroup;
			children = (
				A296B3651F98A72A009968D9 /* MTribes.app */,
				A24F06101F99415A000DA04E /* MTribesTests.xctest */,
			);
			name = Products;
			sourceTree = "<group>";
		};
		A296B3671F98A72A009968D9 /* MTribes */ = {
			isa = PBXGroup;
			children = (
				A24F06211F994388000DA04E /* View */,
				A296B37A1F98AAD0009968D9 /* Model */,
				A24F060A1F994133000DA04E /* DataSource */,
				A296B3681F98A72A009968D9 /* AppDelegate.swift */,
				A223341D1F9AD5D4005518F4 /* Localizable.strings */,
				A22334231F9AEA0D005518F4 /* userlocation.gpx */,
				A296B36F1F98A72A009968D9 /* Assets.xcassets */,
				A296B3711F98A72A009968D9 /* LaunchScreen.storyboard */,
				A296B3741F98A72A009968D9 /* Info.plist */,
				A223342A1F9B29FB005518F4 /* Resources */,
			);
			path = MTribes;
			sourceTree = "<group>";
		};
		A296B37A1F98AAD0009968D9 /* Model */ = {
			isa = PBXGroup;
			children = (
				A296B37B1F98AB02009968D9 /* Car.swift */,
				A205CCE91F996B7A003835F0 /* CarsList.swift */,
			);
			path = Model;
			sourceTree = "<group>";
		};
/* End PBXGroup section */

/* Begin PBXNativeTarget section */
		A24F060F1F99415A000DA04E /* MTribesTests */ = {
			isa = PBXNativeTarget;
			buildConfigurationList = A24F06171F99415A000DA04E /* Build configuration list for PBXNativeTarget "MTribesTests" */;
			buildPhases = (
				A24F060C1F99415A000DA04E /* Sources */,
				A24F060D1F99415A000DA04E /* Frameworks */,
				A24F060E1F99415A000DA04E /* Resources */,
			);
			buildRules = (
			);
			dependencies = (
				A24F06161F99415A000DA04E /* PBXTargetDependency */,
			);
			name = MTribesTests;
			productName = MTribesTests;
			productReference = A24F06101F99415A000DA04E /* MTribesTests.xctest */;
			productType = "com.apple.product-type.bundle.unit-test";
		};
		A296B3641F98A72A009968D9 /* MTribes */ = {
			isa = PBXNativeTarget;
			buildConfigurationList = A296B3771F98A72A009968D9 /* Build configuration list for PBXNativeTarget "MTribes" */;
			buildPhases = (
				D7255744E6C9A6290979C4BE /* [CP] Check Pods Manifest.lock */,
				A296B3611F98A72A009968D9 /* Sources */,
				A296B3621F98A72A009968D9 /* Frameworks */,
				A296B3631F98A72A009968D9 /* Resources */,
				A216C1A7CA61F1272140D738 /* [CP] Embed Pods Frameworks */,
				5F0A0A63E0BAABF03EF0EDE1 /* [CP] Copy Pods Resources */,
			);
			buildRules = (
			);
			dependencies = (
			);
			name = MTribes;
			productName = MTribes;
			productReference = A296B3651F98A72A009968D9 /* MTribes.app */;
			productType = "com.apple.product-type.application";
		};
/* End PBXNativeTarget section */

/* Begin PBXProject section */
		A296B35D1F98A72A009968D9 /* Project object */ = {
			isa = PBXProject;
			attributes = {
				LastSwiftUpdateCheck = 0900;
				LastUpgradeCheck = 0900;
				ORGANIZATIONNAME = "Shalini Mekala";
				TargetAttributes = {
					A24F060F1F99415A000DA04E = {
						CreatedOnToolsVersion = 9.0;
						ProvisioningStyle = Automatic;
						TestTargetID = A296B3641F98A72A009968D9;
					};
					A296B3641F98A72A009968D9 = {
						CreatedOnToolsVersion = 9.0;
						ProvisioningStyle = Automatic;
					};
				};
			};
			buildConfigurationList = A296B3601F98A72A009968D9 /* Build configuration list for PBXProject "MTribes" */;
			compatibilityVersion = "Xcode 8.0";
			developmentRegion = en;
			hasScannedForEncodings = 0;
			knownRegions = (
				en,
				Base,
			);
			mainGroup = A296B35C1F98A72A009968D9;
			productRefGroup = A296B3661F98A72A009968D9 /* Products */;
			projectDirPath = "";
			projectRoot = "";
			targets = (
				A296B3641F98A72A009968D9 /* MTribes */,
				A24F060F1F99415A000DA04E /* MTribesTests */,
			);
		};
/* End PBXProject section */

/* Begin PBXResourcesBuildPhase section */
		A24F060E1F99415A000DA04E /* Resources */ = {
			isa = PBXResourcesBuildPhase;
			buildActionMask = 2147483647;
			files = (
			);
			runOnlyForDeploymentPostprocessing = 0;
		};
		A296B3631F98A72A009968D9 /* Resources */ = {
			isa = PBXResourcesBuildPhase;
			buildActionMask = 2147483647;
			files = (
				A223341E1F9AD5D4005518F4 /* Localizable.strings in Resources */,
				A296B3731F98A72A009968D9 /* LaunchScreen.storyboard in Resources */,
				A22334251F9AF77D005518F4 /* car.png in Resources */,
				A296B3701F98A72A009968D9 /* Assets.xcassets in Resources */,
				A20667141F9C537C0014A4B5 /* back.png in Resources */,
				A22334291F9B086D005518F4 /* car1.jpeg in Resources */,
				A20667151F9C537C0014A4B5 /* m-tribes.png in Resources */,
				A20666E61F9B5AC30014A4B5 /* clock.png in Resources */,
				A296B36E1F98A72A009968D9 /* Main.storyboard in Resources */,
			);
			runOnlyForDeploymentPostprocessing = 0;
		};
/* End PBXResourcesBuildPhase section */

/* Begin PBXShellScriptBuildPhase section */
		5F0A0A63E0BAABF03EF0EDE1 /* [CP] Copy Pods Resources */ = {
			isa = PBXShellScriptBuildPhase;
			buildActionMask = 2147483647;
			files = (
			);
			inputPaths = (
			);
			name = "[CP] Copy Pods Resources";
			outputPaths = (
			);
			runOnlyForDeploymentPostprocessing = 0;
			shellPath = /bin/sh;
			shellScript = "\"${SRCROOT}/Pods/Target Support Files/Pods-MTribes/Pods-MTribes-resources.sh\"\n";
			showEnvVarsInLog = 0;
		};
		A216C1A7CA61F1272140D738 /* [CP] Embed Pods Frameworks */ = {
			isa = PBXShellScriptBuildPhase;
			buildActionMask = 2147483647;
			files = (
			);
			inputPaths = (
			);
			name = "[CP] Embed Pods Frameworks";
			outputPaths = (
			);
			runOnlyForDeploymentPostprocessing = 0;
			shellPath = /bin/sh;
			shellScript = "\"${SRCROOT}/Pods/Target Support Files/Pods-MTribes/Pods-MTribes-frameworks.sh\"\n";
			showEnvVarsInLog = 0;
		};
		D7255744E6C9A6290979C4BE /* [CP] Check Pods Manifest.lock */ = {
			isa = PBXShellScriptBuildPhase;
			buildActionMask = 2147483647;
			files = (
			);
			inputPaths = (
			);
			name = "[CP] Check Pods Manifest.lock";
			outputPaths = (
			);
			runOnlyForDeploymentPostprocessing = 0;
			shellPath = /bin/sh;
			shellScript = "diff \"${PODS_PODFILE_DIR_PATH}/Podfile.lock\" \"${PODS_ROOT}/Manifest.lock\" > /dev/null\nif [ $? != 0 ] ; then\n    # print error to STDERR\n    echo \"error: The sandbox is not in sync with the Podfile.lock. Run 'pod install' or update your CocoaPods installation.\" >&2\n    exit 1\nfi\n";
			showEnvVarsInLog = 0;
		};
/* End PBXShellScriptBuildPhase section */

/* Begin PBXSourcesBuildPhase section */
		A24F060C1F99415A000DA04E /* Sources */ = {
			isa = PBXSourcesBuildPhase;
			buildActionMask = 2147483647;
			files = (
				A24F06131F99415A000DA04E /* CarsWebServiceTests.swift in Sources */,
				A2B576521F99D78C006534FC /* CarsPersistentStoreTests.swift in Sources */,
				A2B5764A1F99C780006534FC /* CarsDataManagerTests.swift in Sources */,
			);
			runOnlyForDeploymentPostprocessing = 0;
		};
		A296B3611F98A72A009968D9 /* Sources */ = {
			isa = PBXSourcesBuildPhase;
			buildActionMask = 2147483647;
			files = (
				A24F06311F994BD4000DA04E /* CarsMapViewPresenter.swift in Sources */,
				A20666F31F9C404D0014A4B5 /* CarScheduleViewCell.swift in Sources */,
				A296B36B1F98A72A009968D9 /* CarsMainViewController.swift in Sources */,
				A2B576561F99E619006534FC /* CarAnnotation.swift in Sources */,
				A24F06251F994477000DA04E /* CarsDataManager.swift in Sources */,
				A296B3691F98A72A009968D9 /* AppDelegate.swift in Sources */,
				A22334221F9AE1B5005518F4 /* CarsPersistentStoreProtocol.swift in Sources */,
				A2B576581F99E67D006534FC /* CarAnnotationView.swift in Sources */,
				A24F062F1F994BC5000DA04E /* CarsMapViewController.swift in Sources */,
				A24F062B1F9946E4000DA04E /* CarsWebService.swift in Sources */,
				A2896F131F99932900719B07 /* RealmCar.swift in Sources */,
				A24F06351F994BF7000DA04E /* CarsListViewPresenter.swift in Sources */,
				A24F06391F994C29000DA04E /* CarsListViewProtocols.swift in Sources */,
				A20666F11F9C2E2A0014A4B5 /* CarSchedulePickupPresenter.swift in Sources */,
				A24F06331F994BE6000DA04E /* CarsListViewController.swift in Sources */,
				A20666ED1F9C19B20014A4B5 /* UIView+Extensions.swift in Sources */,
				A20666E41F9B4BF40014A4B5 /* CarSchedulePickupViewController.swift in Sources */,
				A22334201F9AE170005518F4 /* CarsWebServiceProtocol.swift in Sources */,
				A20666EB1F9C19A60014A4B5 /* UIImage+Extensions.swift in Sources */,
				A24F062D1F994719000DA04E /* CarsRealmPersistentStore.swift in Sources */,
				A24F06371F994C1C000DA04E /* CarsMapViewProtocols.swift in Sources */,
				A296B37C1F98AB02009968D9 /* Car.swift in Sources */,
				A24F06611F995744000DA04E /* CarListViewCell.swift in Sources */,
				A205CCEA1F996B7A003835F0 /* CarsList.swift in Sources */,
				A24F06231F9943A6000DA04E /* CarViewModel.swift in Sources */,
			);
			runOnlyForDeploymentPostprocessing = 0;
		};
/* End PBXSourcesBuildPhase section */

/* Begin PBXTargetDependency section */
		A24F06161F99415A000DA04E /* PBXTargetDependency */ = {
			isa = PBXTargetDependency;
			target = A296B3641F98A72A009968D9 /* MTribes */;
			targetProxy = A24F06151F99415A000DA04E /* PBXContainerItemProxy */;
		};
/* End PBXTargetDependency section */

/* Begin PBXVariantGroup section */
		A296B36C1F98A72A009968D9 /* Main.storyboard */ = {
			isa = PBXVariantGroup;
			children = (
				A296B36D1F98A72A009968D9 /* Base */,
			);
			name = Main.storyboard;
			sourceTree = "<group>";
		};
		A296B3711F98A72A009968D9 /* LaunchScreen.storyboard */ = {
			isa = PBXVariantGroup;
			children = (
				A296B3721F98A72A009968D9 /* Base */,
			);
			name = LaunchScreen.storyboard;
			sourceTree = "<group>";
		};
/* End PBXVariantGroup section */

/* Begin XCBuildConfiguration section */
		A24F06181F99415A000DA04E /* Debug */ = {
			isa = XCBuildConfiguration;
			buildSettings = {
				BUNDLE_LOADER = "$(TEST_HOST)";
				CODE_SIGN_STYLE = Automatic;
				INFOPLIST_FILE = MTribesTests/Info.plist;
				LD_RUNPATH_SEARCH_PATHS = "$(inherited) @executable_path/Frameworks @loader_path/Frameworks";
				PRODUCT_BUNDLE_IDENTIFIER = com.test.shalini.MTribesTests;
				PRODUCT_NAME = "$(TARGET_NAME)";
				SWIFT_VERSION = 4.0;
				TARGETED_DEVICE_FAMILY = "1,2";
				TEST_HOST = "$(BUILT_PRODUCTS_DIR)/MTribes.app/MTribes";
			};
			name = Debug;
		};
		A24F06191F99415A000DA04E /* Release */ = {
			isa = XCBuildConfiguration;
			buildSettings = {
				BUNDLE_LOADER = "$(TEST_HOST)";
				CODE_SIGN_STYLE = Automatic;
				INFOPLIST_FILE = MTribesTests/Info.plist;
				LD_RUNPATH_SEARCH_PATHS = "$(inherited) @executable_path/Frameworks @loader_path/Frameworks";
				PRODUCT_BUNDLE_IDENTIFIER = com.test.shalini.MTribesTests;
				PRODUCT_NAME = "$(TARGET_NAME)";
				SWIFT_VERSION = 4.0;
				TARGETED_DEVICE_FAMILY = "1,2";
				TEST_HOST = "$(BUILT_PRODUCTS_DIR)/MTribes.app/MTribes";
			};
			name = Release;
		};
		A296B3751F98A72A009968D9 /* Debug */ = {
			isa = XCBuildConfiguration;
			buildSettings = {
				ALWAYS_SEARCH_USER_PATHS = NO;
				CLANG_ANALYZER_NONNULL = YES;
				CLANG_ANALYZER_NUMBER_OBJECT_CONVERSION = YES_AGGRESSIVE;
				CLANG_CXX_LANGUAGE_STANDARD = "gnu++14";
				CLANG_CXX_LIBRARY = "libc++";
				CLANG_ENABLE_MODULES = YES;
				CLANG_ENABLE_OBJC_ARC = YES;
				CLANG_WARN_BLOCK_CAPTURE_AUTORELEASING = YES;
				CLANG_WARN_BOOL_CONVERSION = YES;
				CLANG_WARN_COMMA = YES;
				CLANG_WARN_CONSTANT_CONVERSION = YES;
				CLANG_WARN_DIRECT_OBJC_ISA_USAGE = YES_ERROR;
				CLANG_WARN_DOCUMENTATION_COMMENTS = YES;
				CLANG_WARN_EMPTY_BODY = YES;
				CLANG_WARN_ENUM_CONVERSION = YES;
				CLANG_WARN_INFINITE_RECURSION = YES;
				CLANG_WARN_INT_CONVERSION = YES;
				CLANG_WARN_NON_LITERAL_NULL_CONVERSION = YES;
				CLANG_WARN_OBJC_LITERAL_CONVERSION = YES;
				CLANG_WARN_OBJC_ROOT_CLASS = YES_ERROR;
				CLANG_WARN_RANGE_LOOP_ANALYSIS = YES;
				CLANG_WARN_STRICT_PROTOTYPES = YES;
				CLANG_WARN_SUSPICIOUS_MOVE = YES;
				CLANG_WARN_UNGUARDED_AVAILABILITY = YES_AGGRESSIVE;
				CLANG_WARN_UNREACHABLE_CODE = YES;
				CLANG_WARN__DUPLICATE_METHOD_MATCH = YES;
				CODE_SIGN_IDENTITY = "iPhone Developer";
				COPY_PHASE_STRIP = NO;
				DEBUG_INFORMATION_FORMAT = dwarf;
				ENABLE_STRICT_OBJC_MSGSEND = YES;
				ENABLE_TESTABILITY = YES;
				GCC_C_LANGUAGE_STANDARD = gnu11;
				GCC_DYNAMIC_NO_PIC = NO;
				GCC_NO_COMMON_BLOCKS = YES;
				GCC_OPTIMIZATION_LEVEL = 0;
				GCC_PREPROCESSOR_DEFINITIONS = (
					"DEBUG=1",
					"$(inherited)",
				);
				GCC_WARN_64_TO_32_BIT_CONVERSION = YES;
				GCC_WARN_ABOUT_RETURN_TYPE = YES_ERROR;
				GCC_WARN_UNDECLARED_SELECTOR = YES;
				GCC_WARN_UNINITIALIZED_AUTOS = YES_AGGRESSIVE;
				GCC_WARN_UNUSED_FUNCTION = YES;
				GCC_WARN_UNUSED_VARIABLE = YES;
				IPHONEOS_DEPLOYMENT_TARGET = 11.0;
				MTL_ENABLE_DEBUG_INFO = YES;
				ONLY_ACTIVE_ARCH = YES;
				SDKROOT = iphoneos;
				SWIFT_ACTIVE_COMPILATION_CONDITIONS = DEBUG;
				SWIFT_OPTIMIZATION_LEVEL = "-Onone";
			};
			name = Debug;
		};
		A296B3761F98A72A009968D9 /* Release */ = {
			isa = XCBuildConfiguration;
			buildSettings = {
				ALWAYS_SEARCH_USER_PATHS = NO;
				CLANG_ANALYZER_NONNULL = YES;
				CLANG_ANALYZER_NUMBER_OBJECT_CONVERSION = YES_AGGRESSIVE;
				CLANG_CXX_LANGUAGE_STANDARD = "gnu++14";
				CLANG_CXX_LIBRARY = "libc++";
				CLANG_ENABLE_MODULES = YES;
				CLANG_ENABLE_OBJC_ARC = YES;
				CLANG_WARN_BLOCK_CAPTURE_AUTORELEASING = YES;
				CLANG_WARN_BOOL_CONVERSION = YES;
				CLANG_WARN_COMMA = YES;
				CLANG_WARN_CONSTANT_CONVERSION = YES;
				CLANG_WARN_DIRECT_OBJC_ISA_USAGE = YES_ERROR;
				CLANG_WARN_DOCUMENTATION_COMMENTS = YES;
				CLANG_WARN_EMPTY_BODY = YES;
				CLANG_WARN_ENUM_CONVERSION = YES;
				CLANG_WARN_INFINITE_RECURSION = YES;
				CLANG_WARN_INT_CONVERSION = YES;
				CLANG_WARN_NON_LITERAL_NULL_CONVERSION = YES;
				CLANG_WARN_OBJC_LITERAL_CONVERSION = YES;
				CLANG_WARN_OBJC_ROOT_CLASS = YES_ERROR;
				CLANG_WARN_RANGE_LOOP_ANALYSIS = YES;
				CLANG_WARN_STRICT_PROTOTYPES = YES;
				CLANG_WARN_SUSPICIOUS_MOVE = YES;
				CLANG_WARN_UNGUARDED_AVAILABILITY = YES_AGGRESSIVE;
				CLANG_WARN_UNREACHABLE_CODE = YES;
				CLANG_WARN__DUPLICATE_METHOD_MATCH = YES;
				CODE_SIGN_IDENTITY = "iPhone Developer";
				COPY_PHASE_STRIP = NO;
				DEBUG_INFORMATION_FORMAT = "dwarf-with-dsym";
				ENABLE_NS_ASSERTIONS = NO;
				ENABLE_STRICT_OBJC_MSGSEND = YES;
				GCC_C_LANGUAGE_STANDARD = gnu11;
				GCC_NO_COMMON_BLOCKS = YES;
				GCC_WARN_64_TO_32_BIT_CONVERSION = YES;
				GCC_WARN_ABOUT_RETURN_TYPE = YES_ERROR;
				GCC_WARN_UNDECLARED_SELECTOR = YES;
				GCC_WARN_UNINITIALIZED_AUTOS = YES_AGGRESSIVE;
				GCC_WARN_UNUSED_FUNCTION = YES;
				GCC_WARN_UNUSED_VARIABLE = YES;
				IPHONEOS_DEPLOYMENT_TARGET = 11.0;
				MTL_ENABLE_DEBUG_INFO = NO;
				SDKROOT = iphoneos;
				SWIFT_OPTIMIZATION_LEVEL = "-Owholemodule";
				VALIDATE_PRODUCT = YES;
			};
			name = Release;
		};
		A296B3781F98A72A009968D9 /* Debug */ = {
			isa = XCBuildConfiguration;
			baseConfigurationReference = A5C44BEC7E568E00BAE49511 /* Pods-MTribes.debug.xcconfig */;
			buildSettings = {
				ASSETCATALOG_COMPILER_APPICON_NAME = AppIcon;
				"CODE_SIGN_IDENTITY[sdk=iphoneos*]" = "iPhone Developer";
				CODE_SIGN_STYLE = Automatic;
				DEVELOPMENT_TEAM = 64Z33BQQE7;
				FRAMEWORK_SEARCH_PATHS = (
					"$(inherited)",
					"$(PROJECT_DIR)/lib",
					"$(PROJECT_DIR)/MTribes/Frameworks",
				);
				INFOPLIST_FILE = MTribes/Info.plist;
				LD_RUNPATH_SEARCH_PATHS = "$(inherited) @executable_path/Frameworks";
				PRODUCT_BUNDLE_IDENTIFIER = com.test.shalini.MTribes;
				PRODUCT_NAME = "$(TARGET_NAME)";
				PROVISIONING_PROFILE_SPECIFIER = "";
				SWIFT_VERSION = 4.0;
				TARGETED_DEVICE_FAMILY = "1,2";
			};
			name = Debug;
		};
		A296B3791F98A72A009968D9 /* Release */ = {
			isa = XCBuildConfiguration;
			baseConfigurationReference = 95E6236EA4D2364CC37123BE /* Pods-MTribes.release.xcconfig */;
			buildSettings = {
				ASSETCATALOG_COMPILER_APPICON_NAME = AppIcon;
				"CODE_SIGN_IDENTITY[sdk=iphoneos*]" = "iPhone Developer";
				CODE_SIGN_STYLE = Automatic;
				DEVELOPMENT_TEAM = 64Z33BQQE7;
				FRAMEWORK_SEARCH_PATHS = (
					"$(inherited)",
					"$(PROJECT_DIR)/lib",
					"$(PROJECT_DIR)/MTribes/Frameworks",
				);
				INFOPLIST_FILE = MTribes/Info.plist;
				LD_RUNPATH_SEARCH_PATHS = "$(inherited) @executable_path/Frameworks";
				PRODUCT_BUNDLE_IDENTIFIER = com.test.shalini.MTribes;
				PRODUCT_NAME = "$(TARGET_NAME)";
				PROVISIONING_PROFILE_SPECIFIER = "";
				SWIFT_VERSION = 4.0;
				TARGETED_DEVICE_FAMILY = "1,2";
			};
			name = Release;
		};
/* End XCBuildConfiguration section */

/* Begin XCConfigurationList section */
		A24F06171F99415A000DA04E /* Build configuration list for PBXNativeTarget "MTribesTests" */ = {
			isa = XCConfigurationList;
			buildConfigurations = (
				A24F06181F99415A000DA04E /* Debug */,
				A24F06191F99415A000DA04E /* Release */,
			);
			defaultConfigurationIsVisible = 0;
			defaultConfigurationName = Release;
		};
		A296B3601F98A72A009968D9 /* Build configuration list for PBXProject "MTribes" */ = {
			isa = XCConfigurationList;
			buildConfigurations = (
				A296B3751F98A72A009968D9 /* Debug */,
				A296B3761F98A72A009968D9 /* Release */,
			);
			defaultConfigurationIsVisible = 0;
			defaultConfigurationName = Release;
		};
		A296B3771F98A72A009968D9 /* Build configuration list for PBXNativeTarget "MTribes" */ = {
			isa = XCConfigurationList;
			buildConfigurations = (
				A296B3781F98A72A009968D9 /* Debug */,
				A296B3791F98A72A009968D9 /* Release */,
			);
			defaultConfigurationIsVisible = 0;
			defaultConfigurationName = Release;
		};
/* End XCConfigurationList section */
	};
	rootObject = A296B35D1F98A72A009968D9 /* Project object */;
}
